
Microsoft Visual Studio Solution File, Format Version 12.00
Project("{FAE04EC0-301F-11D3-BF4B-00C04F79EFBC}") = "Shared", "Shared\Shared.csproj", "{6C56B8C4-A4F5-4470-86FA-48E4D8A5114D}"
EndProject
Project("{FAE04EC0-301F-11D3-BF4B-00C04F79EFBC}") = "WebApi", "WebApi\WebApi.csproj", "{57F34973-665B-45C0-833E-B3825A788D40}"
EndProject
Project("{FAE04EC0-301F-11D3-BF4B-00C04F79EFBC}") = "BlazorWasm", "BlazorWasm\BlazorWasm.csproj", "{85B093D4-9192-4724-BB21-C1163D8A7186}"
EndProject
Project("{FAE04EC0-301F-11D3-BF4B-00C04F79EFBC}") = "FileData", "FileData\FileData.csproj", "{ABD53DDA-2338-4A9C-A294-975E340A8D22}"
EndProject
Project("{FAE04EC0-301F-11D3-BF4B-00C04F79EFBC}") = "Application", "Application\Application.csproj", "{7CB8996D-BE17-4F45-8D71-8110CE9DF705}"
EndProject
Project("{FAE04EC0-301F-11D3-BF4B-00C04F79EFBC}") = "HttpClients", "HttpClients\HttpClients.csproj", "{3A6ADD46-1549-47F0-8F8C-9DB25F339D82}"
EndProject
Project("{FAE04EC0-301F-11D3-BF4B-00C04F79EFBC}") = "EfcDataAccess", "EfcDataAccess\EfcDataAccess.csproj", "{764D65DE-7CE6-4323-AB2B-2D55B60EBF66}"
EndProject
Global
	GlobalSection(SolutionConfigurationPlatforms) = preSolution
		Debug|Any CPU = Debug|Any CPU
		Release|Any CPU = Release|Any CPU
	EndGlobalSection
	GlobalSection(ProjectConfigurationPlatforms) = postSolution
		{6C56B8C4-A4F5-4470-86FA-48E4D8A5114D}.Debug|Any CPU.ActiveCfg = Debug|Any CPU
		{6C56B8C4-A4F5-4470-86FA-48E4D8A5114D}.Debug|Any CPU.Build.0 = Debug|Any CPU
		{6C56B8C4-A4F5-4470-86FA-48E4D8A5114D}.Release|Any CPU.ActiveCfg = Release|Any CPU
		{6C56B8C4-A4F5-4470-86FA-48E4D8A5114D}.Release|Any CPU.Build.0 = Release|Any CPU
		{57F34973-665B-45C0-833E-B3825A788D40}.Debug|Any CPU.ActiveCfg = Debug|Any CPU
		{57F34973-665B-45C0-833E-B3825A788D40}.Debug|Any CPU.Build.0 = Debug|Any CPU
		{57F34973-665B-45C0-833E-B3825A788D40}.Release|Any CPU.ActiveCfg = Release|Any CPU
		{57F34973-665B-45C0-833E-B3825A788D40}.Release|Any CPU.Build.0 = Release|Any CPU
		{85B093D4-9192-4724-BB21-C1163D8A7186}.Debug|Any CPU.ActiveCfg = Debug|Any CPU
		{85B093D4-9192-4724-BB21-C1163D8A7186}.Debug|Any CPU.Build.0 = Debug|Any CPU
		{85B093D4-9192-4724-BB21-C1163D8A7186}.Release|Any CPU.ActiveCfg = Release|Any CPU
		{85B093D4-9192-4724-BB21-C1163D8A7186}.Release|Any CPU.Build.0 = Release|Any CPU
		{ABD53DDA-2338-4A9C-A294-975E340A8D22}.Debug|Any CPU.ActiveCfg = Debug|Any CPU
		{ABD53DDA-2338-4A9C-A294-975E340A8D22}.Debug|Any CPU.Build.0 = Debug|Any CPU
		{ABD53DDA-2338-4A9C-A294-975E340A8D22}.Release|Any CPU.ActiveCfg = Release|Any CPU
		{ABD53DDA-2338-4A9C-A294-975E340A8D22}.Release|Any CPU.Build.0 = Release|Any CPU
		{7CB8996D-BE17-4F45-8D71-8110CE9DF705}.Debug|Any CPU.ActiveCfg = Debug|Any CPU
		{7CB8996D-BE17-4F45-8D71-8110CE9DF705}.Debug|Any CPU.Build.0 = Debug|Any CPU
		{7CB8996D-BE17-4F45-8D71-8110CE9DF705}.Release|Any CPU.ActiveCfg = Release|Any CPU
		{7CB8996D-BE17-4F45-8D71-8110CE9DF705}.Release|Any CPU.Build.0 = Release|Any CPU
		{3A6ADD46-1549-47F0-8F8C-9DB25F339D82}.Debug|Any CPU.ActiveCfg = Debug|Any CPU
		{3A6ADD46-1549-47F0-8F8C-9DB25F339D82}.Debug|Any CPU.Build.0 = Debug|Any CPU
		{3A6ADD46-1549-47F0-8F8C-9DB25F339D82}.Release|Any CPU.ActiveCfg = Release|Any CPU
		{3A6ADD46-1549-47F0-8F8C-9DB25F339D82}.Release|Any CPU.Build.0 = Release|Any CPU
		{764D65DE-7CE6-4323-AB2B-2D55B60EBF66}.Debug|Any CPU.ActiveCfg = Debug|Any CPU
		{764D65DE-7CE6-4323-AB2B-2D55B60EBF66}.Debug|Any CPU.Build.0 = Debug|Any CPU
		{764D65DE-7CE6-4323-AB2B-2D55B60EBF66}.Release|Any CPU.ActiveCfg = Release|Any CPU
		{764D65DE-7CE6-4323-AB2B-2D55B60EBF66}.Release|Any CPU.Build.0 = Release|Any CPU
	EndGlobalSection
EndGlobal
